
Microsoft Visual Studio Solution File, Format Version 12.00
# Visual Studio Version 17
VisualStudioVersion = 17.12.35527.113
MinimumVisualStudioVersion = 10.0.40219.1
Project("{FAE04EC0-301F-11D3-BF4B-00C04F79EFBC}") = "ChakaiP2EFunctionsAPI", "ChakaiP2EFunctionsAPI\ChakaiP2EFunctionsAPI.csproj", "{758C1770-5B66-4B10-97B7-5CB09188E622}"
EndProject
Global
	GlobalSection(SolutionConfigurationPlatforms) = preSolution
		Debug|Any CPU = Debug|Any CPU
		Release|Any CPU = Release|Any CPU
	EndGlobalSection
	GlobalSection(ProjectConfigurationPlatforms) = postSolution
		{758C1770-5B66-4B10-97B7-5CB09188E622}.Debug|Any CPU.ActiveCfg = Debug|Any CPU
		{758C1770-5B66-4B10-97B7-5CB09188E622}.Debug|Any CPU.Build.0 = Debug|Any CPU
		{758C1770-5B66-4B10-97B7-5CB09188E622}.Release|Any CPU.ActiveCfg = Release|Any CPU
		{758C1770-5B66-4B10-97B7-5CB09188E622}.Release|Any CPU.Build.0 = Release|Any CPU
	EndGlobalSection
	GlobalSection(SolutionProperties) = preSolution
		HideSolutionNode = FALSE
	EndGlobalSection
	GlobalSection(ExtensibilityGlobals) = postSolution
		SolutionGuid = {7E9DE72B-ED6F-4357-AA97-ECDE4F8513AA}
	EndGlobalSection
EndGlobal
